// !$*UTF8*$!
{
	archiveVersion = 1;
	classes = {
	};
	objectVersion = 56;
	objects = {

/* Begin PBXBuildFile section */
		558B63E72A6ED24F00A101F1 /* AppDelegate.swift in Sources */ = {isa = PBXBuildFile; fileRef = 558B63E62A6ED24F00A101F1 /* AppDelegate.swift */; };
		558B63E92A6ED24F00A101F1 /* SceneDelegate.swift in Sources */ = {isa = PBXBuildFile; fileRef = 558B63E82A6ED24F00A101F1 /* SceneDelegate.swift */; };
		558B63EB2A6ED24F00A101F1 /* ViewController.swift in Sources */ = {isa = PBXBuildFile; fileRef = 558B63EA2A6ED24F00A101F1 /* ViewController.swift */; };
		558B63EE2A6ED24F00A101F1 /* Main.storyboard in Resources */ = {isa = PBXBuildFile; fileRef = 558B63EC2A6ED24F00A101F1 /* Main.storyboard */; };
		558B63F02A6ED25100A101F1 /* Assets.xcassets in Resources */ = {isa = PBXBuildFile; fileRef = 558B63EF2A6ED25100A101F1 /* Assets.xcassets */; };
		558B63F32A6ED25100A101F1 /* LaunchScreen.storyboard in Resources */ = {isa = PBXBuildFile; fileRef = 558B63F12A6ED25100A101F1 /* LaunchScreen.storyboard */; };
		558B63FE2A6ED25100A101F1 /* MVClessonTests.swift in Sources */ = {isa = PBXBuildFile; fileRef = 558B63FD2A6ED25100A101F1 /* MVClessonTests.swift */; };
		558B64082A6ED25100A101F1 /* MVClessonUITests.swift in Sources */ = {isa = PBXBuildFile; fileRef = 558B64072A6ED25100A101F1 /* MVClessonUITests.swift */; };
		558B640A2A6ED25100A101F1 /* MVClessonUITestsLaunchTests.swift in Sources */ = {isa = PBXBuildFile; fileRef = 558B64092A6ED25100A101F1 /* MVClessonUITestsLaunchTests.swift */; };
		558B64172A6ED39200A101F1 /* Verb.swift in Sources */ = {isa = PBXBuildFile; fileRef = 558B64162A6ED39200A101F1 /* Verb.swift */; };
		558B641A2A6ED46D00A101F1 /* Localizable.strings in Resources */ = {isa = PBXBuildFile; fileRef = 558B641C2A6ED46D00A101F1 /* Localizable.strings */; };
		558B641F2A6ED50500A101F1 /* IrregularVerbs.swift in Sources */ = {isa = PBXBuildFile; fileRef = 558B641E2A6ED50500A101F1 /* IrregularVerbs.swift */; };
		558B64212A6ED93D00A101F1 /* TableViewCell.xib in Resources */ = {isa = PBXBuildFile; fileRef = 558B64202A6ED93D00A101F1 /* TableViewCell.xib */; };
		558B64232A6EDDEB00A101F1 /* VerbTableViewCell.swift in Sources */ = {isa = PBXBuildFile; fileRef = 558B64222A6EDDEB00A101F1 /* VerbTableViewCell.swift */; };
/* End PBXBuildFile section */

/* Begin PBXContainerItemProxy section */
		558B63FA2A6ED25100A101F1 /* PBXContainerItemProxy */ = {
			isa = PBXContainerItemProxy;
			containerPortal = 558B63DB2A6ED24F00A101F1 /* Project object */;
			proxyType = 1;
			remoteGlobalIDString = 558B63E22A6ED24F00A101F1;
			remoteInfo = MVClesson;
		};
		558B64042A6ED25100A101F1 /* PBXContainerItemProxy */ = {
			isa = PBXContainerItemProxy;
			containerPortal = 558B63DB2A6ED24F00A101F1 /* Project object */;
			proxyType = 1;
			remoteGlobalIDString = 558B63E22A6ED24F00A101F1;
			remoteInfo = MVClesson;
		};
/* End PBXContainerItemProxy section */

/* Begin PBXFileReference section */
		558B63E32A6ED24F00A101F1 /* MVClesson.app */ = {isa = PBXFileReference; explicitFileType = wrapper.application; includeInIndex = 0; path = MVClesson.app; sourceTree = BUILT_PRODUCTS_DIR; };
		558B63E62A6ED24F00A101F1 /* AppDelegate.swift */ = {isa = PBXFileReference; lastKnownFileType = sourcecode.swift; path = AppDelegate.swift; sourceTree = "<group>"; };
		558B63E82A6ED24F00A101F1 /* SceneDelegate.swift */ = {isa = PBXFileReference; lastKnownFileType = sourcecode.swift; path = SceneDelegate.swift; sourceTree = "<group>"; };
		558B63EA2A6ED24F00A101F1 /* ViewController.swift */ = {isa = PBXFileReference; lastKnownFileType = sourcecode.swift; path = ViewController.swift; sourceTree = "<group>"; };
		558B63ED2A6ED24F00A101F1 /* Base */ = {isa = PBXFileReference; lastKnownFileType = file.storyboard; name = Base; path = Base.lproj/Main.storyboard; sourceTree = "<group>"; };
		558B63EF2A6ED25100A101F1 /* Assets.xcassets */ = {isa = PBXFileReference; lastKnownFileType = folder.assetcatalog; path = Assets.xcassets; sourceTree = "<group>"; };
		558B63F22A6ED25100A101F1 /* Base */ = {isa = PBXFileReference; lastKnownFileType = file.storyboard; name = Base; path = Base.lproj/LaunchScreen.storyboard; sourceTree = "<group>"; };
		558B63F42A6ED25100A101F1 /* Info.plist */ = {isa = PBXFileReference; lastKnownFileType = text.plist.xml; path = Info.plist; sourceTree = "<group>"; };
		558B63F92A6ED25100A101F1 /* MVClessonTests.xctest */ = {isa = PBXFileReference; explicitFileType = wrapper.cfbundle; includeInIndex = 0; path = MVClessonTests.xctest; sourceTree = BUILT_PRODUCTS_DIR; };
		558B63FD2A6ED25100A101F1 /* MVClessonTests.swift */ = {isa = PBXFileReference; lastKnownFileType = sourcecode.swift; path = MVClessonTests.swift; sourceTree = "<group>"; };
		558B64032A6ED25100A101F1 /* MVClessonUITests.xctest */ = {isa = PBXFileReference; explicitFileType = wrapper.cfbundle; includeInIndex = 0; path = MVClessonUITests.xctest; sourceTree = BUILT_PRODUCTS_DIR; };
		558B64072A6ED25100A101F1 /* MVClessonUITests.swift */ = {isa = PBXFileReference; lastKnownFileType = sourcecode.swift; path = MVClessonUITests.swift; sourceTree = "<group>"; };
		558B64092A6ED25100A101F1 /* MVClessonUITestsLaunchTests.swift */ = {isa = PBXFileReference; lastKnownFileType = sourcecode.swift; path = MVClessonUITestsLaunchTests.swift; sourceTree = "<group>"; };
		558B64162A6ED39200A101F1 /* Verb.swift */ = {isa = PBXFileReference; lastKnownFileType = sourcecode.swift; path = Verb.swift; sourceTree = "<group>"; };
		558B641B2A6ED46D00A101F1 /* en */ = {isa = PBXFileReference; lastKnownFileType = text.plist.strings; name = en; path = en.lproj/Localizable.strings; sourceTree = "<group>"; };
		558B641D2A6ED48600A101F1 /* uk */ = {isa = PBXFileReference; lastKnownFileType = text.plist.strings; name = uk; path = uk.lproj/Localizable.strings; sourceTree = "<group>"; };
		558B641E2A6ED50500A101F1 /* IrregularVerbs.swift */ = {isa = PBXFileReference; lastKnownFileType = sourcecode.swift; path = IrregularVerbs.swift; sourceTree = "<group>"; };
		558B64202A6ED93D00A101F1 /* TableViewCell.xib */ = {isa = PBXFileReference; lastKnownFileType = file.xib; path = TableViewCell.xib; sourceTree = "<group>"; };
		558B64222A6EDDEB00A101F1 /* VerbTableViewCell.swift */ = {isa = PBXFileReference; lastKnownFileType = sourcecode.swift; path = VerbTableViewCell.swift; sourceTree = "<group>"; };
/* End PBXFileReference section */

/* Begin PBXFrameworksBuildPhase section */
		558B63E02A6ED24F00A101F1 /* Frameworks */ = {
			isa = PBXFrameworksBuildPhase;
			buildActionMask = 2147483647;
			files = (
			);
			runOnlyForDeploymentPostprocessing = 0;
		};
		558B63F62A6ED25100A101F1 /* Frameworks */ = {
			isa = PBXFrameworksBuildPhase;
			buildActionMask = 2147483647;
			files = (
			);
			runOnlyForDeploymentPostprocessing = 0;
		};
		558B64002A6ED25100A101F1 /* Frameworks */ = {
			isa = PBXFrameworksBuildPhase;
			buildActionMask = 2147483647;
			files = (
			);
			runOnlyForDeploymentPostprocessing = 0;
		};
/* End PBXFrameworksBuildPhase section */

/* Begin PBXGroup section */
		558B63DA2A6ED24F00A101F1 = {
			isa = PBXGroup;
			children = (
				558B63E52A6ED24F00A101F1 /* MVClesson */,
				558B63FC2A6ED25100A101F1 /* MVClessonTests */,
				558B64062A6ED25100A101F1 /* MVClessonUITests */,
				558B63E42A6ED24F00A101F1 /* Products */,
			);
			sourceTree = "<group>";
		};
		558B63E42A6ED24F00A101F1 /* Products */ = {
			isa = PBXGroup;
			children = (
				558B63E32A6ED24F00A101F1 /* MVClesson.app */,
				558B63F92A6ED25100A101F1 /* MVClessonTests.xctest */,
				558B64032A6ED25100A101F1 /* MVClessonUITests.xctest */,
			);
			name = Products;
			sourceTree = "<group>";
		};
		558B63E52A6ED24F00A101F1 /* MVClesson */ = {
			isa = PBXGroup;
			children = (
				558B63E62A6ED24F00A101F1 /* AppDelegate.swift */,
				558B63E82A6ED24F00A101F1 /* SceneDelegate.swift */,
				558B64242A6EDFA900A101F1 /* Model */,
				558B64262A6EE00A00A101F1 /* View */,
				558B64252A6EDFF600A101F1 /* Controller */,
				558B641C2A6ED46D00A101F1 /* Localizable.strings */,
				558B63EF2A6ED25100A101F1 /* Assets.xcassets */,
				558B63F12A6ED25100A101F1 /* LaunchScreen.storyboard */,
				558B63F42A6ED25100A101F1 /* Info.plist */,
			);
			path = MVClesson;
			sourceTree = "<group>";
		};
		558B63FC2A6ED25100A101F1 /* MVClessonTests */ = {
			isa = PBXGroup;
			children = (
				558B63FD2A6ED25100A101F1 /* MVClessonTests.swift */,
			);
			path = MVClessonTests;
			sourceTree = "<group>";
		};
		558B64062A6ED25100A101F1 /* MVClessonUITests */ = {
			isa = PBXGroup;
			children = (
				558B64072A6ED25100A101F1 /* MVClessonUITests.swift */,
				558B64092A6ED25100A101F1 /* MVClessonUITestsLaunchTests.swift */,
			);
			path = MVClessonUITests;
			sourceTree = "<group>";
		};
		558B64242A6EDFA900A101F1 /* Model */ = {
			isa = PBXGroup;
			children = (
				558B64162A6ED39200A101F1 /* Verb.swift */,
				558B641E2A6ED50500A101F1 /* IrregularVerbs.swift */,
			);
			path = Model;
			sourceTree = "<group>";
		};
		558B64252A6EDFF600A101F1 /* Controller */ = {
			isa = PBXGroup;
			children = (
				558B63EA2A6ED24F00A101F1 /* ViewController.swift */,
			);
			path = Controller;
			sourceTree = "<group>";
		};
		558B64262A6EE00A00A101F1 /* View */ = {
			isa = PBXGroup;
			children = (
				558B63EC2A6ED24F00A101F1 /* Main.storyboard */,
				558B64202A6ED93D00A101F1 /* TableViewCell.xib */,
				558B64222A6EDDEB00A101F1 /* VerbTableViewCell.swift */,
			);
			path = View;
			sourceTree = "<group>";
		};
/* End PBXGroup section */

/* Begin PBXNativeTarget section */
		558B63E22A6ED24F00A101F1 /* MVClesson */ = {
			isa = PBXNativeTarget;
			buildConfigurationList = 558B640D2A6ED25100A101F1 /* Build configuration list for PBXNativeTarget "MVClesson" */;
			buildPhases = (
				558B63DF2A6ED24F00A101F1 /* Sources */,
				558B63E02A6ED24F00A101F1 /* Frameworks */,
				558B63E12A6ED24F00A101F1 /* Resources */,
			);
			buildRules = (
			);
			dependencies = (
			);
			name = MVClesson;
			productName = MVClesson;
			productReference = 558B63E32A6ED24F00A101F1 /* MVClesson.app */;
			productType = "com.apple.product-type.application";
		};
		558B63F82A6ED25100A101F1 /* MVClessonTests */ = {
			isa = PBXNativeTarget;
			buildConfigurationList = 558B64102A6ED25100A101F1 /* Build configuration list for PBXNativeTarget "MVClessonTests" */;
			buildPhases = (
				558B63F52A6ED25100A101F1 /* Sources */,
				558B63F62A6ED25100A101F1 /* Frameworks */,
				558B63F72A6ED25100A101F1 /* Resources */,
			);
			buildRules = (
			);
			dependencies = (
				558B63FB2A6ED25100A101F1 /* PBXTargetDependency */,
			);
			name = MVClessonTests;
			productName = MVClessonTests;
			productReference = 558B63F92A6ED25100A101F1 /* MVClessonTests.xctest */;
			productType = "com.apple.product-type.bundle.unit-test";
		};
		558B64022A6ED25100A101F1 /* MVClessonUITests */ = {
			isa = PBXNativeTarget;
			buildConfigurationList = 558B64132A6ED25100A101F1 /* Build configuration list for PBXNativeTarget "MVClessonUITests" */;
			buildPhases = (
				558B63FF2A6ED25100A101F1 /* Sources */,
				558B64002A6ED25100A101F1 /* Frameworks */,
				558B64012A6ED25100A101F1 /* Resources */,
			);
			buildRules = (
			);
			dependencies = (
				558B64052A6ED25100A101F1 /* PBXTargetDependency */,
			);
			name = MVClessonUITests;
			productName = MVClessonUITests;
			productReference = 558B64032A6ED25100A101F1 /* MVClessonUITests.xctest */;
			productType = "com.apple.product-type.bundle.ui-testing";
		};
/* End PBXNativeTarget section */

/* Begin PBXProject section */
		558B63DB2A6ED24F00A101F1 /* Project object */ = {
			isa = PBXProject;
			attributes = {
				BuildIndependentTargetsInParallel = 1;
				LastSwiftUpdateCheck = 1430;
				LastUpgradeCheck = 1430;
				TargetAttributes = {
					558B63E22A6ED24F00A101F1 = {
						CreatedOnToolsVersion = 14.3.1;
					};
					558B63F82A6ED25100A101F1 = {
						CreatedOnToolsVersion = 14.3.1;
						TestTargetID = 558B63E22A6ED24F00A101F1;
					};
					558B64022A6ED25100A101F1 = {
						CreatedOnToolsVersion = 14.3.1;
						TestTargetID = 558B63E22A6ED24F00A101F1;
					};
				};
			};
			buildConfigurationList = 558B63DE2A6ED24F00A101F1 /* Build configuration list for PBXProject "MVClesson" */;
			compatibilityVersion = "Xcode 14.0";
			developmentRegion = en;
			hasScannedForEncodings = 0;
			knownRegions = (
				en,
				Base,
				uk,
			);
			mainGroup = 558B63DA2A6ED24F00A101F1;
			productRefGroup = 558B63E42A6ED24F00A101F1 /* Products */;
			projectDirPath = "";
			projectRoot = "";
			targets = (
				558B63E22A6ED24F00A101F1 /* MVClesson */,
				558B63F82A6ED25100A101F1 /* MVClessonTests */,
				558B64022A6ED25100A101F1 /* MVClessonUITests */,
			);
		};
/* End PBXProject section */

/* Begin PBXResourcesBuildPhase section */
		558B63E12A6ED24F00A101F1 /* Resources */ = {
			isa = PBXResourcesBuildPhase;
			buildActionMask = 2147483647;
			files = (
				558B63F32A6ED25100A101F1 /* LaunchScreen.storyboard in Resources */,
				558B64212A6ED93D00A101F1 /* TableViewCell.xib in Resources */,
				558B641A2A6ED46D00A101F1 /* Localizable.strings in Resources */,
				558B63F02A6ED25100A101F1 /* Assets.xcassets in Resources */,
				558B63EE2A6ED24F00A101F1 /* Main.storyboard in Resources */,
			);
			runOnlyForDeploymentPostprocessing = 0;
		};
		558B63F72A6ED25100A101F1 /* Resources */ = {
			isa = PBXResourcesBuildPhase;
			buildActionMask = 2147483647;
			files = (
			);
			runOnlyForDeploymentPostprocessing = 0;
		};
		558B64012A6ED25100A101F1 /* Resources */ = {
			isa = PBXResourcesBuildPhase;
			buildActionMask = 2147483647;
			files = (
			);
			runOnlyForDeploymentPostprocessing = 0;
		};
/* End PBXResourcesBuildPhase section */

/* Begin PBXSourcesBuildPhase section */
		558B63DF2A6ED24F00A101F1 /* Sources */ = {
			isa = PBXSourcesBuildPhase;
			buildActionMask = 2147483647;
			files = (
				558B64172A6ED39200A101F1 /* Verb.swift in Sources */,
				558B641F2A6ED50500A101F1 /* IrregularVerbs.swift in Sources */,
				558B63EB2A6ED24F00A101F1 /* ViewController.swift in Sources */,
				558B63E72A6ED24F00A101F1 /* AppDelegate.swift in Sources */,
				558B64232A6EDDEB00A101F1 /* VerbTableViewCell.swift in Sources */,
				558B63E92A6ED24F00A101F1 /* SceneDelegate.swift in Sources */,
			);
			runOnlyForDeploymentPostprocessing = 0;
		};
		558B63F52A6ED25100A101F1 /* Sources */ = {
			isa = PBXSourcesBuildPhase;
			buildActionMask = 2147483647;
			files = (
				558B63FE2A6ED25100A101F1 /* MVClessonTests.swift in Sources */,
			);
			runOnlyForDeploymentPostprocessing = 0;
		};
		558B63FF2A6ED25100A101F1 /* Sources */ = {
			isa = PBXSourcesBuildPhase;
			buildActionMask = 2147483647;
			files = (
				558B64082A6ED25100A101F1 /* MVClessonUITests.swift in Sources */,
				558B640A2A6ED25100A101F1 /* MVClessonUITestsLaunchTests.swift in Sources */,
			);
			runOnlyForDeploymentPostprocessing = 0;
		};
/* End PBXSourcesBuildPhase section */

/* Begin PBXTargetDependency section */
		558B63FB2A6ED25100A101F1 /* PBXTargetDependency */ = {
			isa = PBXTargetDependency;
			target = 558B63E22A6ED24F00A101F1 /* MVClesson */;
			targetProxy = 558B63FA2A6ED25100A101F1 /* PBXContainerItemProxy */;
		};
		558B64052A6ED25100A101F1 /* PBXTargetDependency */ = {
			isa = PBXTargetDependency;
			target = 558B63E22A6ED24F00A101F1 /* MVClesson */;
			targetProxy = 558B64042A6ED25100A101F1 /* PBXContainerItemProxy */;
		};
/* End PBXTargetDependency section */

/* Begin PBXVariantGroup section */
		558B63EC2A6ED24F00A101F1 /* Main.storyboard */ = {
			isa = PBXVariantGroup;
			children = (
				558B63ED2A6ED24F00A101F1 /* Base */,
			);
			name = Main.storyboard;
			sourceTree = "<group>";
		};
		558B63F12A6ED25100A101F1 /* LaunchScreen.storyboard */ = {
			isa = PBXVariantGroup;
			children = (
				558B63F22A6ED25100A101F1 /* Base */,
			);
			name = LaunchScreen.storyboard;
			sourceTree = "<group>";
		};
		558B641C2A6ED46D00A101F1 /* Localizable.strings */ = {
			isa = PBXVariantGroup;
			children = (
				558B641B2A6ED46D00A101F1 /* en */,
				558B641D2A6ED48600A101F1 /* uk */,
			);
			name = Localizable.strings;
			sourceTree = "<group>";
		};
/* End PBXVariantGroup section */

/* Begin XCBuildConfiguration section */
		558B640B2A6ED25100A101F1 /* Debug */ = {
			isa = XCBuildConfiguration;
			buildSettings = {
				ALWAYS_SEARCH_USER_PATHS = NO;
				CLANG_ANALYZER_LOCALIZABILITY_NONLOCALIZED = YES;
				CLANG_ANALYZER_NONNULL = YES;
				CLANG_ANALYZER_NUMBER_OBJECT_CONVERSION = YES_AGGRESSIVE;
				CLANG_CXX_LANGUAGE_STANDARD = "gnu++20";
				CLANG_ENABLE_MODULES = YES;
				CLANG_ENABLE_OBJC_ARC = YES;
				CLANG_ENABLE_OBJC_WEAK = YES;
				CLANG_WARN_BLOCK_CAPTURE_AUTORELEASING = YES;
				CLANG_WARN_BOOL_CONVERSION = YES;
				CLANG_WARN_COMMA = YES;
				CLANG_WARN_CONSTANT_CONVERSION = YES;
				CLANG_WARN_DEPRECATED_OBJC_IMPLEMENTATIONS = YES;
				CLANG_WARN_DIRECT_OBJC_ISA_USAGE = YES_ERROR;
				CLANG_WARN_DOCUMENTATION_COMMENTS = YES;
				CLANG_WARN_EMPTY_BODY = YES;
				CLANG_WARN_ENUM_CONVERSION = YES;
				CLANG_WARN_INFINITE_RECURSION = YES;
				CLANG_WARN_INT_CONVERSION = YES;
				CLANG_WARN_NON_LITERAL_NULL_CONVERSION = YES;
				CLANG_WARN_OBJC_IMPLICIT_RETAIN_SELF = YES;
				CLANG_WARN_OBJC_LITERAL_CONVERSION = YES;
				CLANG_WARN_OBJC_ROOT_CLASS = YES_ERROR;
				CLANG_WARN_QUOTED_INCLUDE_IN_FRAMEWORK_HEADER = YES;
				CLANG_WARN_RANGE_LOOP_ANALYSIS = YES;
				CLANG_WARN_STRICT_PROTOTYPES = YES;
				CLANG_WARN_SUSPICIOUS_MOVE = YES;
				CLANG_WARN_UNGUARDED_AVAILABILITY = YES_AGGRESSIVE;
				CLANG_WARN_UNREACHABLE_CODE = YES;
				CLANG_WARN__DUPLICATE_METHOD_MATCH = YES;
				COPY_PHASE_STRIP = NO;
				DEBUG_INFORMATION_FORMAT = dwarf;
				ENABLE_STRICT_OBJC_MSGSEND = YES;
				ENABLE_TESTABILITY = YES;
				GCC_C_LANGUAGE_STANDARD = gnu11;
				GCC_DYNAMIC_NO_PIC = NO;
				GCC_NO_COMMON_BLOCKS = YES;
				GCC_OPTIMIZATION_LEVEL = 0;
				GCC_PREPROCESSOR_DEFINITIONS = (
					"DEBUG=1",
					"$(inherited)",
				);
				GCC_WARN_64_TO_32_BIT_CONVERSION = YES;
				GCC_WARN_ABOUT_RETURN_TYPE = YES_ERROR;
				GCC_WARN_UNDECLARED_SELECTOR = YES;
				GCC_WARN_UNINITIALIZED_AUTOS = YES_AGGRESSIVE;
				GCC_WARN_UNUSED_FUNCTION = YES;
				GCC_WARN_UNUSED_VARIABLE = YES;
				IPHONEOS_DEPLOYMENT_TARGET = 16.4;
				MTL_ENABLE_DEBUG_INFO = INCLUDE_SOURCE;
				MTL_FAST_MATH = YES;
				ONLY_ACTIVE_ARCH = YES;
				SDKROOT = iphoneos;
				SWIFT_ACTIVE_COMPILATION_CONDITIONS = DEBUG;
				SWIFT_OPTIMIZATION_LEVEL = "-Onone";
			};
			name = Debug;
		};
		558B640C2A6ED25100A101F1 /* Release */ = {
			isa = XCBuildConfiguration;
			buildSettings = {
				ALWAYS_SEARCH_USER_PATHS = NO;
				CLANG_ANALYZER_LOCALIZABILITY_NONLOCALIZED = YES;
				CLANG_ANALYZER_NONNULL = YES;
				CLANG_ANALYZER_NUMBER_OBJECT_CONVERSION = YES_AGGRESSIVE;
				CLANG_CXX_LANGUAGE_STANDARD = "gnu++20";
				CLANG_ENABLE_MODULES = YES;
				CLANG_ENABLE_OBJC_ARC = YES;
				CLANG_ENABLE_OBJC_WEAK = YES;
				CLANG_WARN_BLOCK_CAPTURE_AUTORELEASING = YES;
				CLANG_WARN_BOOL_CONVERSION = YES;
				CLANG_WARN_COMMA = YES;
				CLANG_WARN_CONSTANT_CONVERSION = YES;
				CLANG_WARN_DEPRECATED_OBJC_IMPLEMENTATIONS = YES;
				CLANG_WARN_DIRECT_OBJC_ISA_USAGE = YES_ERROR;
				CLANG_WARN_DOCUMENTATION_COMMENTS = YES;
				CLANG_WARN_EMPTY_BODY = YES;
				CLANG_WARN_ENUM_CONVERSION = YES;
				CLANG_WARN_INFINITE_RECURSION = YES;
				CLANG_WARN_INT_CONVERSION = YES;
				CLANG_WARN_NON_LITERAL_NULL_CONVERSION = YES;
				CLANG_WARN_OBJC_IMPLICIT_RETAIN_SELF = YES;
				CLANG_WARN_OBJC_LITERAL_CONVERSION = YES;
				CLANG_WARN_OBJC_ROOT_CLASS = YES_ERROR;
				CLANG_WARN_QUOTED_INCLUDE_IN_FRAMEWORK_HEADER = YES;
				CLANG_WARN_RANGE_LOOP_ANALYSIS = YES;
				CLANG_WARN_STRICT_PROTOTYPES = YES;
				CLANG_WARN_SUSPICIOUS_MOVE = YES;
				CLANG_WARN_UNGUARDED_AVAILABILITY = YES_AGGRESSIVE;
				CLANG_WARN_UNREACHABLE_CODE = YES;
				CLANG_WARN__DUPLICATE_METHOD_MATCH = YES;
				COPY_PHASE_STRIP = NO;
				DEBUG_INFORMATION_FORMAT = "dwarf-with-dsym";
				ENABLE_NS_ASSERTIONS = NO;
				ENABLE_STRICT_OBJC_MSGSEND = YES;
				GCC_C_LANGUAGE_STANDARD = gnu11;
				GCC_NO_COMMON_BLOCKS = YES;
				GCC_WARN_64_TO_32_BIT_CONVERSION = YES;
				GCC_WARN_ABOUT_RETURN_TYPE = YES_ERROR;
				GCC_WARN_UNDECLARED_SELECTOR = YES;
				GCC_WARN_UNINITIALIZED_AUTOS = YES_AGGRESSIVE;
				GCC_WARN_UNUSED_FUNCTION = YES;
				GCC_WARN_UNUSED_VARIABLE = YES;
				IPHONEOS_DEPLOYMENT_TARGET = 16.4;
				MTL_ENABLE_DEBUG_INFO = NO;
				MTL_FAST_MATH = YES;
				SDKROOT = iphoneos;
				SWIFT_COMPILATION_MODE = wholemodule;
				SWIFT_OPTIMIZATION_LEVEL = "-O";
				VALIDATE_PRODUCT = YES;
			};
			name = Release;
		};
		558B640E2A6ED25100A101F1 /* Debug */ = {
			isa = XCBuildConfiguration;
			buildSettings = {
				ASSETCATALOG_COMPILER_APPICON_NAME = AppIcon;
				ASSETCATALOG_COMPILER_GLOBAL_ACCENT_COLOR_NAME = AccentColor;
				CODE_SIGN_STYLE = Automatic;
				CURRENT_PROJECT_VERSION = 1;
				DEVELOPMENT_TEAM = YBPRV4DAUS;
				GENERATE_INFOPLIST_FILE = YES;
				INFOPLIST_FILE = MVClesson/Info.plist;
				INFOPLIST_KEY_UIApplicationSupportsIndirectInputEvents = YES;
				INFOPLIST_KEY_UILaunchStoryboardName = LaunchScreen;
				INFOPLIST_KEY_UIMainStoryboardFile = Main;
				INFOPLIST_KEY_UISupportedInterfaceOrientations_iPad = "UIInterfaceOrientationPortrait UIInterfaceOrientationPortraitUpsideDown UIInterfaceOrientationLandscapeLeft UIInterfaceOrientationLandscapeRight";
				INFOPLIST_KEY_UISupportedInterfaceOrientations_iPhone = "UIInterfaceOrientationPortrait UIInterfaceOrientationLandscapeLeft UIInterfaceOrientationLandscapeRight";
				LD_RUNPATH_SEARCH_PATHS = (
					"$(inherited)",
					"@executable_path/Frameworks",
				);
				MARKETING_VERSION = 1.0;
				PRODUCT_BUNDLE_IDENTIFIER = ershov.MVClesson;
				PRODUCT_NAME = "$(TARGET_NAME)";
				SWIFT_EMIT_LOC_STRINGS = YES;
				SWIFT_VERSION = 5.0;
				TARGETED_DEVICE_FAMILY = "1,2";
			};
			name = Debug;
		};
		558B640F2A6ED25100A101F1 /* Release */ = {
			isa = XCBuildConfiguration;
			buildSettings = {
				ASSETCATALOG_COMPILER_APPICON_NAME = AppIcon;
				ASSETCATALOG_COMPILER_GLOBAL_ACCENT_COLOR_NAME = AccentColor;
				CODE_SIGN_STYLE = Automatic;
				CURRENT_PROJECT_VERSION = 1;
				DEVELOPMENT_TEAM = YBPRV4DAUS;
				GENERATE_INFOPLIST_FILE = YES;
				INFOPLIST_FILE = MVClesson/Info.plist;
				INFOPLIST_KEY_UIApplicationSupportsIndirectInputEvents = YES;
				INFOPLIST_KEY_UILaunchStoryboardName = LaunchScreen;
				INFOPLIST_KEY_UIMainStoryboardFile = Main;
				INFOPLIST_KEY_UISupportedInterfaceOrientations_iPad = "UIInterfaceOrientationPortrait UIInterfaceOrientationPortraitUpsideDown UIInterfaceOrientationLandscapeLeft UIInterfaceOrientationLandscapeRight";
				INFOPLIST_KEY_UISupportedInterfaceOrientations_iPhone = "UIInterfaceOrientationPortrait UIInterfaceOrientationLandscapeLeft UIInterfaceOrientationLandscapeRight";
				LD_RUNPATH_SEARCH_PATHS = (
					"$(inherited)",
					"@executable_path/Frameworks",
				);
				MARKETING_VERSION = 1.0;
				PRODUCT_BUNDLE_IDENTIFIER = ershov.MVClesson;
				PRODUCT_NAME = "$(TARGET_NAME)";
				SWIFT_EMIT_LOC_STRINGS = YES;
				SWIFT_VERSION = 5.0;
				TARGETED_DEVICE_FAMILY = "1,2";
			};
			name = Release;
		};
		558B64112A6ED25100A101F1 /* Debug */ = {
			isa = XCBuildConfiguration;
			buildSettings = {
				ALWAYS_EMBED_SWIFT_STANDARD_LIBRARIES = YES;
				BUNDLE_LOADER = "$(TEST_HOST)";
				CODE_SIGN_STYLE = Automatic;
				CURRENT_PROJECT_VERSION = 1;
				DEVELOPMENT_TEAM = YBPRV4DAUS;
				GENERATE_INFOPLIST_FILE = YES;
				IPHONEOS_DEPLOYMENT_TARGET = 16.4;
				MARKETING_VERSION = 1.0;
				PRODUCT_BUNDLE_IDENTIFIER = ershov.MVClessonTests;
				PRODUCT_NAME = "$(TARGET_NAME)";
				SWIFT_EMIT_LOC_STRINGS = NO;
				SWIFT_VERSION = 5.0;
				TARGETED_DEVICE_FAMILY = "1,2";
				TEST_HOST = "$(BUILT_PRODUCTS_DIR)/MVClesson.app/$(BUNDLE_EXECUTABLE_FOLDER_PATH)/MVClesson";
			};
			name = Debug;
		};
		558B64122A6ED25100A101F1 /* Release */ = {
			isa = XCBuildConfiguration;
			buildSettings = {
				ALWAYS_EMBED_SWIFT_STANDARD_LIBRARIES = YES;
				BUNDLE_LOADER = "$(TEST_HOST)";
				CODE_SIGN_STYLE = Automatic;
				CURRENT_PROJECT_VERSION = 1;
				DEVELOPMENT_TEAM = YBPRV4DAUS;
				GENERATE_INFOPLIST_FILE = YES;
				IPHONEOS_DEPLOYMENT_TARGET = 16.4;
				MARKETING_VERSION = 1.0;
				PRODUCT_BUNDLE_IDENTIFIER = ershov.MVClessonTests;
				PRODUCT_NAME = "$(TARGET_NAME)";
				SWIFT_EMIT_LOC_STRINGS = NO;
				SWIFT_VERSION = 5.0;
				TARGETED_DEVICE_FAMILY = "1,2";
				TEST_HOST = "$(BUILT_PRODUCTS_DIR)/MVClesson.app/$(BUNDLE_EXECUTABLE_FOLDER_PATH)/MVClesson";
			};
			name = Release;
		};
		558B64142A6ED25100A101F1 /* Debug */ = {
			isa = XCBuildConfiguration;
			buildSettings = {
				ALWAYS_EMBED_SWIFT_STANDARD_LIBRARIES = YES;
				CODE_SIGN_STYLE = Automatic;
				CURRENT_PROJECT_VERSION = 1;
				DEVELOPMENT_TEAM = YBPRV4DAUS;
				GENERATE_INFOPLIST_FILE = YES;
				MARKETING_VERSION = 1.0;
				PRODUCT_BUNDLE_IDENTIFIER = ershov.MVClessonUITests;
				PRODUCT_NAME = "$(TARGET_NAME)";
				SWIFT_EMIT_LOC_STRINGS = NO;
				SWIFT_VERSION = 5.0;
				TARGETED_DEVICE_FAMILY = "1,2";
				TEST_TARGET_NAME = MVClesson;
			};
			name = Debug;
		};
		558B64152A6ED25100A101F1 /* Release */ = {
			isa = XCBuildConfiguration;
			buildSettings = {
				ALWAYS_EMBED_SWIFT_STANDARD_LIBRARIES = YES;
				CODE_SIGN_STYLE = Automatic;
				CURRENT_PROJECT_VERSION = 1;
				DEVELOPMENT_TEAM = YBPRV4DAUS;
				GENERATE_INFOPLIST_FILE = YES;
				MARKETING_VERSION = 1.0;
				PRODUCT_BUNDLE_IDENTIFIER = ershov.MVClessonUITests;
				PRODUCT_NAME = "$(TARGET_NAME)";
				SWIFT_EMIT_LOC_STRINGS = NO;
				SWIFT_VERSION = 5.0;
				TARGETED_DEVICE_FAMILY = "1,2";
				TEST_TARGET_NAME = MVClesson;
			};
			name = Release;
		};
/* End XCBuildConfiguration section */

/* Begin XCConfigurationList section */
		558B63DE2A6ED24F00A101F1 /* Build configuration list for PBXProject "MVClesson" */ = {
			isa = XCConfigurationList;
			buildConfigurations = (
				558B640B2A6ED25100A101F1 /* Debug */,
				558B640C2A6ED25100A101F1 /* Release */,
			);
			defaultConfigurationIsVisible = 0;
			defaultConfigurationName = Release;
		};
		558B640D2A6ED25100A101F1 /* Build configuration list for PBXNativeTarget "MVClesson" */ = {
			isa = XCConfigurationList;
			buildConfigurations = (
				558B640E2A6ED25100A101F1 /* Debug */,
				558B640F2A6ED25100A101F1 /* Release */,
			);
			defaultConfigurationIsVisible = 0;
			defaultConfigurationName = Release;
		};
		558B64102A6ED25100A101F1 /* Build configuration list for PBXNativeTarget "MVClessonTests" */ = {
			isa = XCConfigurationList;
			buildConfigurations = (
				558B64112A6ED25100A101F1 /* Debug */,
				558B64122A6ED25100A101F1 /* Release */,
			);
			defaultConfigurationIsVisible = 0;
			defaultConfigurationName = Release;
		};
		558B64132A6ED25100A101F1 /* Build configuration list for PBXNativeTarget "MVClessonUITests" */ = {
			isa = XCConfigurationList;
			buildConfigurations = (
				558B64142A6ED25100A101F1 /* Debug */,
				558B64152A6ED25100A101F1 /* Release */,
			);
			defaultConfigurationIsVisible = 0;
			defaultConfigurationName = Release;
		};
/* End XCConfigurationList section */
	};
	rootObject = 558B63DB2A6ED24F00A101F1 /* Project object */;
}
